// !$*UTF8*$!
{
	archiveVersion = 1;
	classes = {
	};
	objectVersion = 55;
	objects = {

/* Begin PBXBuildFile section */
		E9447B23290EE62300012072 /* HealthKitToFhir in Frameworks */ = {isa = PBXBuildFile; productRef = E9447B22290EE62300012072 /* HealthKitToFhir */; };
		E98591A82909DAFF00EAB960 /* Medplum_HealthKitApp.swift in Sources */ = {isa = PBXBuildFile; fileRef = E98591A72909DAFF00EAB960 /* Medplum_HealthKitApp.swift */; };
		E98591AA2909DAFF00EAB960 /* ContentView.swift in Sources */ = {isa = PBXBuildFile; fileRef = E98591A92909DAFF00EAB960 /* ContentView.swift */; };
		E98591AC2909DB0100EAB960 /* Assets.xcassets in Resources */ = {isa = PBXBuildFile; fileRef = E98591AB2909DB0100EAB960 /* Assets.xcassets */; };
		E98591AF2909DB0100EAB960 /* Preview Assets.xcassets in Resources */ = {isa = PBXBuildFile; fileRef = E98591AE2909DB0100EAB960 /* Preview Assets.xcassets */; };
		E98591B62909DB3500EAB960 /* Health.swift in Sources */ = {isa = PBXBuildFile; fileRef = E98591B52909DB3500EAB960 /* Health.swift */; };
		E98591BA2909DB4100EAB960 /* HealthKit.framework in Frameworks */ = {isa = PBXBuildFile; fileRef = E98591B92909DB4100EAB960 /* HealthKit.framework */; };
/* End PBXBuildFile section */

/* Begin PBXFileReference section */
		E98591A42909DAFF00EAB960 /* Medplum-HealthKit.app */ = {isa = PBXFileReference; explicitFileType = wrapper.application; includeInIndex = 0; path = "Medplum-HealthKit.app"; sourceTree = BUILT_PRODUCTS_DIR; };
		E98591A72909DAFF00EAB960 /* Medplum_HealthKitApp.swift */ = {isa = PBXFileReference; lastKnownFileType = sourcecode.swift; path = Medplum_HealthKitApp.swift; sourceTree = "<group>"; };
		E98591A92909DAFF00EAB960 /* ContentView.swift */ = {isa = PBXFileReference; lastKnownFileType = sourcecode.swift; path = ContentView.swift; sourceTree = "<group>"; };
		E98591AB2909DB0100EAB960 /* Assets.xcassets */ = {isa = PBXFileReference; lastKnownFileType = folder.assetcatalog; path = Assets.xcassets; sourceTree = "<group>"; };
		E98591AE2909DB0100EAB960 /* Preview Assets.xcassets */ = {isa = PBXFileReference; lastKnownFileType = folder.assetcatalog; path = "Preview Assets.xcassets"; sourceTree = "<group>"; };
		E98591B52909DB3500EAB960 /* Health.swift */ = {isa = PBXFileReference; lastKnownFileType = sourcecode.swift; path = Health.swift; sourceTree = "<group>"; };
		E98591B72909DB4000EAB960 /* Medplum-HealthKit.entitlements */ = {isa = PBXFileReference; lastKnownFileType = text.plist.entitlements; path = "Medplum-HealthKit.entitlements"; sourceTree = "<group>"; };
		E98591B92909DB4100EAB960 /* HealthKit.framework */ = {isa = PBXFileReference; lastKnownFileType = wrapper.framework; name = HealthKit.framework; path = System/Library/Frameworks/HealthKit.framework; sourceTree = SDKROOT; };
/* End PBXFileReference section */

/* Begin PBXFrameworksBuildPhase section */
		E98591A12909DAFF00EAB960 /* Frameworks */ = {
			isa = PBXFrameworksBuildPhase;
			buildActionMask = 2147483647;
			files = (
				E98591BA2909DB4100EAB960 /* HealthKit.framework in Frameworks */,
				E9447B23290EE62300012072 /* HealthKitToFhir in Frameworks */,
			);
			runOnlyForDeploymentPostprocessing = 0;
		};
/* End PBXFrameworksBuildPhase section */

/* Begin PBXGroup section */
		E985919B2909DAFF00EAB960 = {
			isa = PBXGroup;
			children = (
				E98591A62909DAFF00EAB960 /* Medplum-HealthKit */,
				E98591A52909DAFF00EAB960 /* Products */,
				E98591B82909DB4100EAB960 /* Frameworks */,
			);
			sourceTree = "<group>";
		};
		E98591A52909DAFF00EAB960 /* Products */ = {
			isa = PBXGroup;
			children = (
				E98591A42909DAFF00EAB960 /* Medplum-HealthKit.app */,
			);
			name = Products;
			sourceTree = "<group>";
		};
		E98591A62909DAFF00EAB960 /* Medplum-HealthKit */ = {
			isa = PBXGroup;
			children = (
				E98591B72909DB4000EAB960 /* Medplum-HealthKit.entitlements */,
				E98591A72909DAFF00EAB960 /* Medplum_HealthKitApp.swift */,
				E98591A92909DAFF00EAB960 /* ContentView.swift */,
				E98591AB2909DB0100EAB960 /* Assets.xcassets */,
				E98591AD2909DB0100EAB960 /* Preview Content */,
				E98591B52909DB3500EAB960 /* Health.swift */,
			);
			path = "Medplum-HealthKit";
			sourceTree = "<group>";
		};
		E98591AD2909DB0100EAB960 /* Preview Content */ = {
			isa = PBXGroup;
			children = (
				E98591AE2909DB0100EAB960 /* Preview Assets.xcassets */,
			);
			path = "Preview Content";
			sourceTree = "<group>";
		};
		E98591B82909DB4100EAB960 /* Frameworks */ = {
			isa = PBXGroup;
			children = (
				E98591B92909DB4100EAB960 /* HealthKit.framework */,
			);
			name = Frameworks;
			sourceTree = "<group>";
		};
/* End PBXGroup section */

/* Begin PBXNativeTarget section */
		E98591A32909DAFF00EAB960 /* Medplum-HealthKit */ = {
			isa = PBXNativeTarget;
			buildConfigurationList = E98591B22909DB0100EAB960 /* Build configuration list for PBXNativeTarget "Medplum-HealthKit" */;
			buildPhases = (
				E98591A02909DAFF00EAB960 /* Sources */,
				E98591A12909DAFF00EAB960 /* Frameworks */,
				E98591A22909DAFF00EAB960 /* Resources */,
			);
			buildRules = (
			);
			dependencies = (
			);
			name = "Medplum-HealthKit";
			packageProductDependencies = (
				E9447B22290EE62300012072 /* HealthKitToFhir */,
			);
			productName = "Medplum-HealthKit";
			productReference = E98591A42909DAFF00EAB960 /* Medplum-HealthKit.app */;
			productType = "com.apple.product-type.application";
		};
/* End PBXNativeTarget section */

/* Begin PBXProject section */
		E985919C2909DAFF00EAB960 /* Project object */ = {
			isa = PBXProject;
			attributes = {
				BuildIndependentTargetsInParallel = 1;
				LastSwiftUpdateCheck = 1320;
				LastUpgradeCheck = 1320;
				TargetAttributes = {
					E98591A32909DAFF00EAB960 = {
						CreatedOnToolsVersion = 13.2.1;
					};
				};
			};
			buildConfigurationList = E985919F2909DAFF00EAB960 /* Build configuration list for PBXProject "Medplum-HealthKit" */;
			compatibilityVersion = "Xcode 13.0";
			developmentRegion = en;
			hasScannedForEncodings = 0;
			knownRegions = (
				en,
				Base,
			);
			mainGroup = E985919B2909DAFF00EAB960;
			packageReferences = (
				E9447B21290EE62300012072 /* XCRemoteSwiftPackageReference "healthkit-to-fhir" */,
			);
			productRefGroup = E98591A52909DAFF00EAB960 /* Products */;
			projectDirPath = "";
			projectRoot = "";
			targets = (
				E98591A32909DAFF00EAB960 /* Medplum-HealthKit */,
			);
		};
/* End PBXProject section */

/* Begin PBXResourcesBuildPhase section */
		E98591A22909DAFF00EAB960 /* Resources */ = {
			isa = PBXResourcesBuildPhase;
			buildActionMask = 2147483647;
			files = (
				E98591AF2909DB0100EAB960 /* Preview Assets.xcassets in Resources */,
				E98591AC2909DB0100EAB960 /* Assets.xcassets in Resources */,
			);
			runOnlyForDeploymentPostprocessing = 0;
		};
/* End PBXResourcesBuildPhase section */

/* Begin PBXSourcesBuildPhase section */
		E98591A02909DAFF00EAB960 /* Sources */ = {
			isa = PBXSourcesBuildPhase;
			buildActionMask = 2147483647;
			files = (
				E98591AA2909DAFF00EAB960 /* ContentView.swift in Sources */,
				E98591B62909DB3500EAB960 /* Health.swift in Sources */,
				E98591A82909DAFF00EAB960 /* Medplum_HealthKitApp.swift in Sources */,
			);
			runOnlyForDeploymentPostprocessing = 0;
		};
/* End PBXSourcesBuildPhase section */

/* Begin XCBuildConfiguration section */
		E98591B02909DB0100EAB960 /* Debug */ = {
			isa = XCBuildConfiguration;
			buildSettings = {
				ALWAYS_SEARCH_USER_PATHS = NO;
				CLANG_ANALYZER_NONNULL = YES;
				CLANG_ANALYZER_NUMBER_OBJECT_CONVERSION = YES_AGGRESSIVE;
				CLANG_CXX_LANGUAGE_STANDARD = "gnu++17";
				CLANG_CXX_LIBRARY = "libc++";
				CLANG_ENABLE_MODULES = YES;
				CLANG_ENABLE_OBJC_ARC = YES;
				CLANG_ENABLE_OBJC_WEAK = YES;
				CLANG_WARN_BLOCK_CAPTURE_AUTORELEASING = YES;
				CLANG_WARN_BOOL_CONVERSION = YES;
				CLANG_WARN_COMMA = YES;
				CLANG_WARN_CONSTANT_CONVERSION = YES;
				CLANG_WARN_DEPRECATED_OBJC_IMPLEMENTATIONS = YES;
				CLANG_WARN_DIRECT_OBJC_ISA_USAGE = YES_ERROR;
				CLANG_WARN_DOCUMENTATION_COMMENTS = YES;
				CLANG_WARN_EMPTY_BODY = YES;
				CLANG_WARN_ENUM_CONVERSION = YES;
				CLANG_WARN_INFINITE_RECURSION = YES;
				CLANG_WARN_INT_CONVERSION = YES;
				CLANG_WARN_NON_LITERAL_NULL_CONVERSION = YES;
				CLANG_WARN_OBJC_IMPLICIT_RETAIN_SELF = YES;
				CLANG_WARN_OBJC_LITERAL_CONVERSION = YES;
				CLANG_WARN_OBJC_ROOT_CLASS = YES_ERROR;
				CLANG_WARN_QUOTED_INCLUDE_IN_FRAMEWORK_HEADER = YES;
				CLANG_WARN_RANGE_LOOP_ANALYSIS = YES;
				CLANG_WARN_STRICT_PROTOTYPES = YES;
				CLANG_WARN_SUSPICIOUS_MOVE = YES;
				CLANG_WARN_UNGUARDED_AVAILABILITY = YES_AGGRESSIVE;
				CLANG_WARN_UNREACHABLE_CODE = YES;
				CLANG_WARN__DUPLICATE_METHOD_MATCH = YES;
				COPY_PHASE_STRIP = NO;
				DEBUG_INFORMATION_FORMAT = dwarf;
				ENABLE_STRICT_OBJC_MSGSEND = YES;
				ENABLE_TESTABILITY = YES;
				GCC_C_LANGUAGE_STANDARD = gnu11;
				GCC_DYNAMIC_NO_PIC = NO;
				GCC_NO_COMMON_BLOCKS = YES;
				GCC_OPTIMIZATION_LEVEL = 0;
				GCC_PREPROCESSOR_DEFINITIONS = (
					"DEBUG=1",
					"$(inherited)",
				);
				GCC_WARN_64_TO_32_BIT_CONVERSION = YES;
				GCC_WARN_ABOUT_RETURN_TYPE = YES_ERROR;
				GCC_WARN_UNDECLARED_SELECTOR = YES;
				GCC_WARN_UNINITIALIZED_AUTOS = YES_AGGRESSIVE;
				GCC_WARN_UNUSED_FUNCTION = YES;
				GCC_WARN_UNUSED_VARIABLE = YES;
				IPHONEOS_DEPLOYMENT_TARGET = 15.2;
				MTL_ENABLE_DEBUG_INFO = INCLUDE_SOURCE;
				MTL_FAST_MATH = YES;
				ONLY_ACTIVE_ARCH = YES;
				SDKROOT = iphoneos;
				SWIFT_ACTIVE_COMPILATION_CONDITIONS = DEBUG;
				SWIFT_OPTIMIZATION_LEVEL = "-Onone";
			};
			name = Debug;
		};
		E98591B12909DB0100EAB960 /* Release */ = {
			isa = XCBuildConfiguration;
			buildSettings = {
				ALWAYS_SEARCH_USER_PATHS = NO;
				CLANG_ANALYZER_NONNULL = YES;
				CLANG_ANALYZER_NUMBER_OBJECT_CONVERSION = YES_AGGRESSIVE;
				CLANG_CXX_LANGUAGE_STANDARD = "gnu++17";
				CLANG_CXX_LIBRARY = "libc++";
				CLANG_ENABLE_MODULES = YES;
				CLANG_ENABLE_OBJC_ARC = YES;
				CLANG_ENABLE_OBJC_WEAK = YES;
				CLANG_WARN_BLOCK_CAPTURE_AUTORELEASING = YES;
				CLANG_WARN_BOOL_CONVERSION = YES;
				CLANG_WARN_COMMA = YES;
				CLANG_WARN_CONSTANT_CONVERSION = YES;
				CLANG_WARN_DEPRECATED_OBJC_IMPLEMENTATIONS = YES;
				CLANG_WARN_DIRECT_OBJC_ISA_USAGE = YES_ERROR;
				CLANG_WARN_DOCUMENTATION_COMMENTS = YES;
				CLANG_WARN_EMPTY_BODY = YES;
				CLANG_WARN_ENUM_CONVERSION = YES;
				CLANG_WARN_INFINITE_RECURSION = YES;
				CLANG_WARN_INT_CONVERSION = YES;
				CLANG_WARN_NON_LITERAL_NULL_CONVERSION = YES;
				CLANG_WARN_OBJC_IMPLICIT_RETAIN_SELF = YES;
				CLANG_WARN_OBJC_LITERAL_CONVERSION = YES;
				CLANG_WARN_OBJC_ROOT_CLASS = YES_ERROR;
				CLANG_WARN_QUOTED_INCLUDE_IN_FRAMEWORK_HEADER = YES;
				CLANG_WARN_RANGE_LOOP_ANALYSIS = YES;
				CLANG_WARN_STRICT_PROTOTYPES = YES;
				CLANG_WARN_SUSPICIOUS_MOVE = YES;
				CLANG_WARN_UNGUARDED_AVAILABILITY = YES_AGGRESSIVE;
				CLANG_WARN_UNREACHABLE_CODE = YES;
				CLANG_WARN__DUPLICATE_METHOD_MATCH = YES;
				COPY_PHASE_STRIP = NO;
				DEBUG_INFORMATION_FORMAT = "dwarf-with-dsym";
				ENABLE_NS_ASSERTIONS = NO;
				ENABLE_STRICT_OBJC_MSGSEND = YES;
				GCC_C_LANGUAGE_STANDARD = gnu11;
				GCC_NO_COMMON_BLOCKS = YES;
				GCC_WARN_64_TO_32_BIT_CONVERSION = YES;
				GCC_WARN_ABOUT_RETURN_TYPE = YES_ERROR;
				GCC_WARN_UNDECLARED_SELECTOR = YES;
				GCC_WARN_UNINITIALIZED_AUTOS = YES_AGGRESSIVE;
				GCC_WARN_UNUSED_FUNCTION = YES;
				GCC_WARN_UNUSED_VARIABLE = YES;
				IPHONEOS_DEPLOYMENT_TARGET = 15.2;
				MTL_ENABLE_DEBUG_INFO = NO;
				MTL_FAST_MATH = YES;
				SDKROOT = iphoneos;
				SWIFT_COMPILATION_MODE = wholemodule;
				SWIFT_OPTIMIZATION_LEVEL = "-O";
				VALIDATE_PRODUCT = YES;
			};
			name = Release;
		};
		E98591B32909DB0100EAB960 /* Debug */ = {
			isa = XCBuildConfiguration;
			buildSettings = {
				ASSETCATALOG_COMPILER_APPICON_NAME = AppIcon;
				ASSETCATALOG_COMPILER_GLOBAL_ACCENT_COLOR_NAME = AccentColor;
				CODE_SIGN_ENTITLEMENTS = "Medplum-HealthKit/Medplum-HealthKit.entitlements";
				CODE_SIGN_STYLE = Automatic;
				CURRENT_PROJECT_VERSION = 1;
				DEVELOPMENT_ASSET_PATHS = "\"Medplum-HealthKit/Preview Content\"";
				DEVELOPMENT_TEAM = D8658PF8FX;
				ENABLE_PREVIEWS = YES;
				GENERATE_INFOPLIST_FILE = YES;
				INFOPLIST_KEY_NSHealthShareUsageDescription = "Demo to access HealthKit data";
				INFOPLIST_KEY_UIApplicationSceneManifest_Generation = YES;
				INFOPLIST_KEY_UIApplicationSupportsIndirectInputEvents = YES;
				INFOPLIST_KEY_UILaunchScreen_Generation = YES;
				INFOPLIST_KEY_UISupportedInterfaceOrientations_iPad = "UIInterfaceOrientationPortrait UIInterfaceOrientationPortraitUpsideDown UIInterfaceOrientationLandscapeLeft UIInterfaceOrientationLandscapeRight";
				INFOPLIST_KEY_UISupportedInterfaceOrientations_iPhone = "UIInterfaceOrientationPortrait UIInterfaceOrientationLandscapeLeft UIInterfaceOrientationLandscapeRight";
				LD_RUNPATH_SEARCH_PATHS = (
					"$(inherited)",
					"@executable_path/Frameworks",
				);
				MARKETING_VERSION = 1.0;
				PRODUCT_BUNDLE_IDENTIFIER = "com.rickykirkendall.Medplum-HealthKit";
				PRODUCT_NAME = "$(TARGET_NAME)";
				SWIFT_EMIT_LOC_STRINGS = YES;
				SWIFT_VERSION = 5.0;
				TARGETED_DEVICE_FAMILY = "1,2";
			};
			name = Debug;
		};
		E98591B42909DB0100EAB960 /* Release */ = {
			isa = XCBuildConfiguration;
			buildSettings = {
				ASSETCATALOG_COMPILER_APPICON_NAME = AppIcon;
				ASSETCATALOG_COMPILER_GLOBAL_ACCENT_COLOR_NAME = AccentColor;
				CODE_SIGN_ENTITLEMENTS = "Medplum-HealthKit/Medplum-HealthKit.entitlements";
				CODE_SIGN_STYLE = Automatic;
				CURRENT_PROJECT_VERSION = 1;
				DEVELOPMENT_ASSET_PATHS = "\"Medplum-HealthKit/Preview Content\"";
				DEVELOPMENT_TEAM = D8658PF8FX;
				ENABLE_PREVIEWS = YES;
				GENERATE_INFOPLIST_FILE = YES;
				INFOPLIST_KEY_NSHealthShareUsageDescription = "Demo to access HealthKit data";
				INFOPLIST_KEY_UIApplicationSceneManifest_Generation = YES;
				INFOPLIST_KEY_UIApplicationSupportsIndirectInputEvents = YES;
				INFOPLIST_KEY_UILaunchScreen_Generation = YES;
				INFOPLIST_KEY_UISupportedInterfaceOrientations_iPad = "UIInterfaceOrientationPortrait UIInterfaceOrientationPortraitUpsideDown UIInterfaceOrientationLandscapeLeft UIInterfaceOrientationLandscapeRight";
				INFOPLIST_KEY_UISupportedInterfaceOrientations_iPhone = "UIInterfaceOrientationPortrait UIInterfaceOrientationLandscapeLeft UIInterfaceOrientationLandscapeRight";
				LD_RUNPATH_SEARCH_PATHS = (
					"$(inherited)",
					"@executable_path/Frameworks",
				);
				MARKETING_VERSION = 1.0;
				PRODUCT_BUNDLE_IDENTIFIER = "com.rickykirkendall.Medplum-HealthKit";
				PRODUCT_NAME = "$(TARGET_NAME)";
				SWIFT_EMIT_LOC_STRINGS = YES;
				SWIFT_VERSION = 5.0;
				TARGETED_DEVICE_FAMILY = "1,2";
			};
			name = Release;
		};
/* End XCBuildConfiguration section */

/* Begin XCConfigurationList section */
		E985919F2909DAFF00EAB960 /* Build configuration list for PBXProject "Medplum-HealthKit" */ = {
			isa = XCConfigurationList;
			buildConfigurations = (
				E98591B02909DB0100EAB960 /* Debug */,
				E98591B12909DB0100EAB960 /* Release */,
			);
			defaultConfigurationIsVisible = 0;
			defaultConfigurationName = Release;
		};
		E98591B22909DB0100EAB960 /* Build configuration list for PBXNativeTarget "Medplum-HealthKit" */ = {
			isa = XCConfigurationList;
			buildConfigurations = (
				E98591B32909DB0100EAB960 /* Debug */,
				E98591B42909DB0100EAB960 /* Release */,
			);
			defaultConfigurationIsVisible = 0;
			defaultConfigurationName = Release;
		};
/* End XCConfigurationList section */

/* Begin XCRemoteSwiftPackageReference section */
		E9447B21290EE62300012072 /* XCRemoteSwiftPackageReference "healthkit-to-fhir" */ = {
			isa = XCRemoteSwiftPackageReference;
			repositoryURL = "https://github.com/microsoft/healthkit-to-fhir";
			requirement = {
				kind = upToNextMajorVersion;
				minimumVersion = 1.0.0;
			};
		};
/* End XCRemoteSwiftPackageReference section */

/* Begin XCSwiftPackageProductDependency section */
		E9447B22290EE62300012072 /* HealthKitToFhir */ = {
			isa = XCSwiftPackageProductDependency;
			package = E9447B21290EE62300012072 /* XCRemoteSwiftPackageReference "healthkit-to-fhir" */;
			productName = HealthKitToFhir;
		};
/* End XCSwiftPackageProductDependency section */
	};
	rootObject = E985919C2909DAFF00EAB960 /* Project object */;
}
